
Microsoft Visual Studio Solution File, Format Version 12.00
# Visual Studio Version 17
VisualStudioVersion = 17.14.37111.16
MinimumVisualStudioVersion = 10.0.40219.1
Project("{FAE04EC0-301F-11D3-BF4B-00C04F79EFBC}") = "OzonTestTask", "OzonTestTask\OzonTestTask.csproj", "{022E1BA6-99ED-4810-A0AE-A01CBA0F9A7C}"
EndProject
Project("{FAE04EC0-301F-11D3-BF4B-00C04F79EFBC}") = "Domain", "Domain\Domain.csproj", "{60BE999A-9006-48DF-8FAC-996058EA14C0}"
EndProject
Project("{FAE04EC0-301F-11D3-BF4B-00C04F79EFBC}") = "Infrastructure", "Infrastructure\Infrastructure.csproj", "{DFCE4F4A-7156-4A7D-B5D0-ADF2C5A281F0}"
EndProject
Project("{FAE04EC0-301F-11D3-BF4B-00C04F79EFBC}") = "ReportWorker", "ReportWorker\ReportWorker.csproj", "{4D7B1DCD-9333-A388-1030-7411E8FE9316}"
EndProject
Project("{FAE04EC0-301F-11D3-BF4B-00C04F79EFBC}") = "Tests", "Tests\Tests.csproj", "{D600F608-D9EA-4D34-AAA6-E17A310F5E69}"
EndProject
Global
	GlobalSection(SolutionConfigurationPlatforms) = preSolution
		Debug|Any CPU = Debug|Any CPU
		Release|Any CPU = Release|Any CPU
	EndGlobalSection
	GlobalSection(ProjectConfigurationPlatforms) = postSolution
		{022E1BA6-99ED-4810-A0AE-A01CBA0F9A7C}.Debug|Any CPU.ActiveCfg = Debug|Any CPU
		{022E1BA6-99ED-4810-A0AE-A01CBA0F9A7C}.Debug|Any CPU.Build.0 = Debug|Any CPU
		{022E1BA6-99ED-4810-A0AE-A01CBA0F9A7C}.Release|Any CPU.ActiveCfg = Release|Any CPU
		{022E1BA6-99ED-4810-A0AE-A01CBA0F9A7C}.Release|Any CPU.Build.0 = Release|Any CPU
		{60BE999A-9006-48DF-8FAC-996058EA14C0}.Debug|Any CPU.ActiveCfg = Debug|Any CPU
		{60BE999A-9006-48DF-8FAC-996058EA14C0}.Debug|Any CPU.Build.0 = Debug|Any CPU
		{60BE999A-9006-48DF-8FAC-996058EA14C0}.Release|Any CPU.ActiveCfg = Release|Any CPU
		{60BE999A-9006-48DF-8FAC-996058EA14C0}.Release|Any CPU.Build.0 = Release|Any CPU
		{DFCE4F4A-7156-4A7D-B5D0-ADF2C5A281F0}.Debug|Any CPU.ActiveCfg = Debug|Any CPU
		{DFCE4F4A-7156-4A7D-B5D0-ADF2C5A281F0}.Debug|Any CPU.Build.0 = Debug|Any CPU
		{DFCE4F4A-7156-4A7D-B5D0-ADF2C5A281F0}.Release|Any CPU.ActiveCfg = Release|Any CPU
		{DFCE4F4A-7156-4A7D-B5D0-ADF2C5A281F0}.Release|Any CPU.Build.0 = Release|Any CPU
		{4D7B1DCD-9333-A388-1030-7411E8FE9316}.Debug|Any CPU.ActiveCfg = Debug|Any CPU
		{4D7B1DCD-9333-A388-1030-7411E8FE9316}.Debug|Any CPU.Build.0 = Debug|Any CPU
		{4D7B1DCD-9333-A388-1030-7411E8FE9316}.Release|Any CPU.ActiveCfg = Release|Any CPU
		{4D7B1DCD-9333-A388-1030-7411E8FE9316}.Release|Any CPU.Build.0 = Release|Any CPU
		{D600F608-D9EA-4D34-AAA6-E17A310F5E69}.Debug|Any CPU.ActiveCfg = Debug|Any CPU
		{D600F608-D9EA-4D34-AAA6-E17A310F5E69}.Debug|Any CPU.Build.0 = Debug|Any CPU
		{D600F608-D9EA-4D34-AAA6-E17A310F5E69}.Release|Any CPU.ActiveCfg = Release|Any CPU
		{D600F608-D9EA-4D34-AAA6-E17A310F5E69}.Release|Any CPU.Build.0 = Release|Any CPU
	EndGlobalSection
	GlobalSection(SolutionProperties) = preSolution
		HideSolutionNode = FALSE
	EndGlobalSection
	GlobalSection(ExtensibilityGlobals) = postSolution
		SolutionGuid = {3749CEB6-DD21-4691-89A6-442D92E6CE32}
	EndGlobalSection
EndGlobal
